
Microsoft Visual Studio Solution File, Format Version 12.00
# Visual Studio 15
VisualStudioVersion = 15.0.28307.572
MinimumVisualStudioVersion = 10.0.40219.1
Project("{8BC9CEB8-8B4A-11D0-8D11-00A0C91BC942}") = "task5_version24", "task5_version24\task5_version24.vcxproj", "{B4673DD0-3EF1-422A-9B84-35CB07B3E3AF}"
EndProject
Global
	GlobalSection(SolutionConfigurationPlatforms) = preSolution
		Debug|x64 = Debug|x64
		Debug|x86 = Debug|x86
		Release|x64 = Release|x64
		Release|x86 = Release|x86
	EndGlobalSection
	GlobalSection(ProjectConfigurationPlatforms) = postSolution
		{B4673DD0-3EF1-422A-9B84-35CB07B3E3AF}.Debug|x64.ActiveCfg = Debug|x64
		{B4673DD0-3EF1-422A-9B84-35CB07B3E3AF}.Debug|x64.Build.0 = Debug|x64
		{B4673DD0-3EF1-422A-9B84-35CB07B3E3AF}.Debug|x86.ActiveCfg = Debug|Win32
		{B4673DD0-3EF1-422A-9B84-35CB07B3E3AF}.Debug|x86.Build.0 = Debug|Win32
		{B4673DD0-3EF1-422A-9B84-35CB07B3E3AF}.Release|x64.ActiveCfg = Release|x64
		{B4673DD0-3EF1-422A-9B84-35CB07B3E3AF}.Release|x64.Build.0 = Release|x64
		{B4673DD0-3EF1-422A-9B84-35CB07B3E3AF}.Release|x86.ActiveCfg = Release|Win32
		{B4673DD0-3EF1-422A-9B84-35CB07B3E3AF}.Release|x86.Build.0 = Release|Win32
	EndGlobalSection
	GlobalSection(SolutionProperties) = preSolution
		HideSolutionNode = FALSE
	EndGlobalSection
	GlobalSection(ExtensibilityGlobals) = postSolution
		SolutionGuid = {F32D67E4-E20A-43D3-A80C-A73D8C47E8C9}
	EndGlobalSection
EndGlobal
